
Microsoft Visual Studio Solution File, Format Version 12.00
# Visual Studio Version 17
VisualStudioVersion = 17.14.36414.22
MinimumVisualStudioVersion = 10.0.40219.1
Project("{2150E333-8FDC-42A3-9474-1A3956D46DE8}") = "Task0", "Task0", "{02EA681E-C7D8-13C7-8484-4AC65E1B71E8}"
EndProject
Project("{FAE04EC0-301F-11D3-BF4B-00C04F79EFBC}") = "Tyuiu.AjtkuzhinovEE.Sprint0.Task0.V0", "Tyuiu.AjtkuzhinovEE.Sprint0.Task0.V0\Tyuiu.AjtkuzhinovEE.Sprint0.Task0.V0.csproj", "{AF849D0A-3E39-483E-AB92-B0FA55F371AD}"
EndProject
Project("{2150E333-8FDC-42A3-9474-1A3956D46DE8}") = "Task1", "Task1", "{CD33ACFD-EE9A-4D8F-A3C2-5A27275F7561}"
EndProject
Project("{FAE04EC0-301F-11D3-BF4B-00C04F79EFBC}") = "Tyuiu.AjtkuzhinovEE.Sprint0.Task1.V0", "Tyuiu.AjtkuzhinovEE.Sprint0.Task1.V0\Tyuiu.AjtkuzhinovEE.Sprint0.Task1.V0.csproj", "{E395EB94-6C8C-43C1-9024-B2E2EA813209}"
EndProject
Project("{2150E333-8FDC-42A3-9474-1A3956D46DE8}") = "Task2", "Task2", "{63D65F4B-5418-43AC-BDBA-4CCB0012F5D5}"
EndProject
Project("{FAE04EC0-301F-11D3-BF4B-00C04F79EFBC}") = "Tyuiu.AjtkuzhinovEE.Sprint0.Task2.V0", "Tyuiu.AjtkuzhinovEE.Sprint0.Task2.V0\Tyuiu.AjtkuzhinovEE.Sprint0.Task2.V0.csproj", "{45B0AC75-67E2-4C81-BC75-775FDEA5EEBC}"
EndProject
Project("{FAE04EC0-301F-11D3-BF4B-00C04F79EFBC}") = "Tyuiu.AjtkuzhinovEE.Sprint0.Task2.V0.Lib", "Tyuiu.AjtkuzhinovEE.Sprint0.Task2.V0.Lib\Tyuiu.AjtkuzhinovEE.Sprint0.Task2.V0.Lib.csproj", "{8E3AC7A0-4B05-4EBD-B783-4EEA9A71E12F}"
EndProject
Project("{FAE04EC0-301F-11D3-BF4B-00C04F79EFBC}") = "Tyuiu.AjtkuzhinovEE.Sprint0.Task2.V0.Test", "Tyuiu.AjtkuzhinovEE.Sprint0.Task2.V0.Test\Tyuiu.AjtkuzhinovEE.Sprint0.Task2.V0.Test.csproj", "{A7688029-6A22-44CF-9363-8E0EBAD8CF00}"
EndProject
Project("{2150E333-8FDC-42A3-9474-1A3956D46DE8}") = "Task3", "Task3", "{E8C05EE2-9BAC-4C8F-9C92-F0676E22ED79}"
EndProject
Project("{FAE04EC0-301F-11D3-BF4B-00C04F79EFBC}") = "Tyuiu.AjtkuzhinovEE.Sprint0.Task3.V0", "Tyuiu.AjtkuzhinovEE.Sprint0.Task3.V0\Tyuiu.AjtkuzhinovEE.Sprint0.Task3.V0.csproj", "{C8AC7063-CC41-4E09-A555-20FB18294089}"
EndProject
Project("{FAE04EC0-301F-11D3-BF4B-00C04F79EFBC}") = "Tyuiu.AjtkuzhinovEE.Sprint0.Task3.V0.Lib", "Tyuiu.AjtkuzhinovEE.Sprint0.Task3.V0.Lib\Tyuiu.AjtkuzhinovEE.Sprint0.Task3.V0.Lib.csproj", "{A0D5AF5D-1DCD-42AA-8DE2-EF824B9F263F}"
EndProject
Project("{FAE04EC0-301F-11D3-BF4B-00C04F79EFBC}") = "Tyuiu.AjtkuzhinovEE.Sprint0.Task3.V0.Test", "Tyuiu.AjtkuzhinovEE.Sprint0.Task3.V0.Test\Tyuiu.AjtkuzhinovEE.Sprint0.Task3.V0.Test.csproj", "{1E580BF7-AEEA-4EB5-8B51-9F905651C938}"
EndProject
Project("{2150E333-8FDC-42A3-9474-1A3956D46DE8}") = "Task4", "Task4", "{B30384D2-691A-41A6-8FC6-20E6C7DF85BF}"
EndProject
Project("{FAE04EC0-301F-11D3-BF4B-00C04F79EFBC}") = "Tyuiu.AjtkuzhinovEE.Sprint0.Task4.V0", "Tyuiu.AjtkuzhinovEE.Sprint0.Task4.V0\Tyuiu.AjtkuzhinovEE.Sprint0.Task4.V0.csproj", "{7B2A46E9-47A2-47DD-8E37-2E25DA22E7CE}"
EndProject
Project("{FAE04EC0-301F-11D3-BF4B-00C04F79EFBC}") = "Tyuiu.AjtkuzhinovEE.Sprint0.Task4.V0.Test", "Tyuiu.AjtkuzhinovEE.Sprint0.Task4.V0.Test\Tyuiu.AjtkuzhinovEE.Sprint0.Task4.V0.Test.csproj", "{C5EEE47C-182A-41C5-9F3D-A3B1196FC59B}"
EndProject
Project("{FAE04EC0-301F-11D3-BF4B-00C04F79EFBC}") = "Tyuiu.AjtkuzhinovEE.Sprint0.Task4.V0.Lib", "Tyuiu.AjtkuzhinovEE.Sprint0.Task4.V0.Lib\Tyuiu.AjtkuzhinovEE.Sprint0.Task4.V0.Lib.csproj", "{AC3BF8DF-3E30-4DFA-9B4D-3406F04FB70B}"
EndProject
Project("{2150E333-8FDC-42A3-9474-1A3956D46DE8}") = "Task5", "Task5", "{B5BF8423-E514-4A1F-B9A6-2BB6072166E5}"
EndProject
Project("{FAE04EC0-301F-11D3-BF4B-00C04F79EFBC}") = "Tyuiu.AjtkuzhinovEE.Sprint0.Task5.V0", "Tyuiu.AjtkuzhinovEE.Sprint0.Task5.V0\Tyuiu.AjtkuzhinovEE.Sprint0.Task5.V0.csproj", "{9C87D133-E4F5-4BA2-B223-9FA00070AC81}"
EndProject
Project("{FAE04EC0-301F-11D3-BF4B-00C04F79EFBC}") = "Tyuiu.AjtkuzhinovEE.Sprint0.Task5.V0.Lib", "Tyuiu.AjtkuzhinovEE.Sprint0.Task5.V0.Lib\Tyuiu.AjtkuzhinovEE.Sprint0.Task5.V0.Lib.csproj", "{48D02632-E1F0-45F3-8EC9-F7700003EFCF}"
EndProject
Project("{FAE04EC0-301F-11D3-BF4B-00C04F79EFBC}") = "Tyuiu.AjtkuzhinovEE.Sprint0.Task5.V0.Test", "Tyuiu.AjtkuzhinovEE.Sprint0.Task5.V0.Test\Tyuiu.AjtkuzhinovEE.Sprint0.Task5.V0.Test.csproj", "{6AD4956F-844C-41F7-A12E-82B9AAF13499}"
EndProject
Project("{2150E333-8FDC-42A3-9474-1A3956D46DE8}") = "Task6", "Task6", "{4A23403A-654A-4A6A-8C5A-1E5409EA40BF}"
EndProject
Project("{FAE04EC0-301F-11D3-BF4B-00C04F79EFBC}") = "Tyuiu.AjtkuzhinovEE.Sprint0.Task6.V0", "Tyuiu.AjtkuzhinovEE.Sprint0.Task6.V0\Tyuiu.AjtkuzhinovEE.Sprint0.Task6.V0.csproj", "{A8F0A899-EC31-4700-8175-C3E141101ACC}"
EndProject
Project("{FAE04EC0-301F-11D3-BF4B-00C04F79EFBC}") = "Tyuiu.AjtkuzhinovEE.Sprint0.Task6.V0.Lib", "Tyuiu.AjtkuzhinovEE.Sprint0.Task6.V0.Lib\Tyuiu.AjtkuzhinovEE.Sprint0.Task6.V0.Lib.csproj", "{E930625E-4654-4960-8A40-D3C4E2860A18}"
EndProject
Project("{FAE04EC0-301F-11D3-BF4B-00C04F79EFBC}") = "Tyuiu.AjtkuzhinovEE.Sprint0.Task6.V0.Test", "Tyuiu.AjtkuzhinovEE.Sprint0.Task6.V0.Test\Tyuiu.AjtkuzhinovEE.Sprint0.Task6.V0.Test.csproj", "{E2149CFB-534A-414A-B428-2D2F5D32FB87}"
EndProject
Global
	GlobalSection(SolutionConfigurationPlatforms) = preSolution
		Debug|Any CPU = Debug|Any CPU
		Release|Any CPU = Release|Any CPU
	EndGlobalSection
	GlobalSection(ProjectConfigurationPlatforms) = postSolution
		{AF849D0A-3E39-483E-AB92-B0FA55F371AD}.Debug|Any CPU.ActiveCfg = Debug|Any CPU
		{AF849D0A-3E39-483E-AB92-B0FA55F371AD}.Debug|Any CPU.Build.0 = Debug|Any CPU
		{AF849D0A-3E39-483E-AB92-B0FA55F371AD}.Release|Any CPU.ActiveCfg = Release|Any CPU
		{AF849D0A-3E39-483E-AB92-B0FA55F371AD}.Release|Any CPU.Build.0 = Release|Any CPU
		{E395EB94-6C8C-43C1-9024-B2E2EA813209}.Debug|Any CPU.ActiveCfg = Debug|Any CPU
		{E395EB94-6C8C-43C1-9024-B2E2EA813209}.Debug|Any CPU.Build.0 = Debug|Any CPU
		{E395EB94-6C8C-43C1-9024-B2E2EA813209}.Release|Any CPU.ActiveCfg = Release|Any CPU
		{E395EB94-6C8C-43C1-9024-B2E2EA813209}.Release|Any CPU.Build.0 = Release|Any CPU
		{45B0AC75-67E2-4C81-BC75-775FDEA5EEBC}.Debug|Any CPU.ActiveCfg = Debug|Any CPU
		{45B0AC75-67E2-4C81-BC75-775FDEA5EEBC}.Debug|Any CPU.Build.0 = Debug|Any CPU
		{45B0AC75-67E2-4C81-BC75-775FDEA5EEBC}.Release|Any CPU.ActiveCfg = Release|Any CPU
		{45B0AC75-67E2-4C81-BC75-775FDEA5EEBC}.Release|Any CPU.Build.0 = Release|Any CPU
		{8E3AC7A0-4B05-4EBD-B783-4EEA9A71E12F}.Debug|Any CPU.ActiveCfg = Debug|Any CPU
		{8E3AC7A0-4B05-4EBD-B783-4EEA9A71E12F}.Debug|Any CPU.Build.0 = Debug|Any CPU
		{8E3AC7A0-4B05-4EBD-B783-4EEA9A71E12F}.Release|Any CPU.ActiveCfg = Release|Any CPU
		{8E3AC7A0-4B05-4EBD-B783-4EEA9A71E12F}.Release|Any CPU.Build.0 = Release|Any CPU
		{A7688029-6A22-44CF-9363-8E0EBAD8CF00}.Debug|Any CPU.ActiveCfg = Debug|Any CPU
		{A7688029-6A22-44CF-9363-8E0EBAD8CF00}.Debug|Any CPU.Build.0 = Debug|Any CPU
		{A7688029-6A22-44CF-9363-8E0EBAD8CF00}.Release|Any CPU.ActiveCfg = Release|Any CPU
		{A7688029-6A22-44CF-9363-8E0EBAD8CF00}.Release|Any CPU.Build.0 = Release|Any CPU
		{C8AC7063-CC41-4E09-A555-20FB18294089}.Debug|Any CPU.ActiveCfg = Debug|Any CPU
		{C8AC7063-CC41-4E09-A555-20FB18294089}.Debug|Any CPU.Build.0 = Debug|Any CPU
		{C8AC7063-CC41-4E09-A555-20FB18294089}.Release|Any CPU.ActiveCfg = Release|Any CPU
		{C8AC7063-CC41-4E09-A555-20FB18294089}.Release|Any CPU.Build.0 = Release|Any CPU
		{A0D5AF5D-1DCD-42AA-8DE2-EF824B9F263F}.Debug|Any CPU.ActiveCfg = Debug|Any CPU
		{A0D5AF5D-1DCD-42AA-8DE2-EF824B9F263F}.Debug|Any CPU.Build.0 = Debug|Any CPU
		{A0D5AF5D-1DCD-42AA-8DE2-EF824B9F263F}.Release|Any CPU.ActiveCfg = Release|Any CPU
		{A0D5AF5D-1DCD-42AA-8DE2-EF824B9F263F}.Release|Any CPU.Build.0 = Release|Any CPU
		{1E580BF7-AEEA-4EB5-8B51-9F905651C938}.Debug|Any CPU.ActiveCfg = Debug|Any CPU
		{1E580BF7-AEEA-4EB5-8B51-9F905651C938}.Debug|Any CPU.Build.0 = Debug|Any CPU
		{1E580BF7-AEEA-4EB5-8B51-9F905651C938}.Release|Any CPU.ActiveCfg = Release|Any CPU
		{1E580BF7-AEEA-4EB5-8B51-9F905651C938}.Release|Any CPU.Build.0 = Release|Any CPU
		{7B2A46E9-47A2-47DD-8E37-2E25DA22E7CE}.Debug|Any CPU.ActiveCfg = Debug|Any CPU
		{7B2A46E9-47A2-47DD-8E37-2E25DA22E7CE}.Debug|Any CPU.Build.0 = Debug|Any CPU
		{7B2A46E9-47A2-47DD-8E37-2E25DA22E7CE}.Release|Any CPU.ActiveCfg = Release|Any CPU
		{7B2A46E9-47A2-47DD-8E37-2E25DA22E7CE}.Release|Any CPU.Build.0 = Release|Any CPU
		{C5EEE47C-182A-41C5-9F3D-A3B1196FC59B}.Debug|Any CPU.ActiveCfg = Debug|Any CPU
		{C5EEE47C-182A-41C5-9F3D-A3B1196FC59B}.Debug|Any CPU.Build.0 = Debug|Any CPU
		{C5EEE47C-182A-41C5-9F3D-A3B1196FC59B}.Release|Any CPU.ActiveCfg = Release|Any CPU
		{C5EEE47C-182A-41C5-9F3D-A3B1196FC59B}.Release|Any CPU.Build.0 = Release|Any CPU
		{AC3BF8DF-3E30-4DFA-9B4D-3406F04FB70B}.Debug|Any CPU.ActiveCfg = Debug|Any CPU
		{AC3BF8DF-3E30-4DFA-9B4D-3406F04FB70B}.Debug|Any CPU.Build.0 = Debug|Any CPU
		{AC3BF8DF-3E30-4DFA-9B4D-3406F04FB70B}.Release|Any CPU.ActiveCfg = Release|Any CPU
		{AC3BF8DF-3E30-4DFA-9B4D-3406F04FB70B}.Release|Any CPU.Build.0 = Release|Any CPU
		{9C87D133-E4F5-4BA2-B223-9FA00070AC81}.Debug|Any CPU.ActiveCfg = Debug|Any CPU
		{9C87D133-E4F5-4BA2-B223-9FA00070AC81}.Debug|Any CPU.Build.0 = Debug|Any CPU
		{9C87D133-E4F5-4BA2-B223-9FA00070AC81}.Release|Any CPU.ActiveCfg = Release|Any CPU
		{9C87D133-E4F5-4BA2-B223-9FA00070AC81}.Release|Any CPU.Build.0 = Release|Any CPU
		{48D02632-E1F0-45F3-8EC9-F7700003EFCF}.Debug|Any CPU.ActiveCfg = Debug|Any CPU
		{48D02632-E1F0-45F3-8EC9-F7700003EFCF}.Debug|Any CPU.Build.0 = Debug|Any CPU
		{48D02632-E1F0-45F3-8EC9-F7700003EFCF}.Release|Any CPU.ActiveCfg = Release|Any CPU
		{48D02632-E1F0-45F3-8EC9-F7700003EFCF}.Release|Any CPU.Build.0 = Release|Any CPU
		{6AD4956F-844C-41F7-A12E-82B9AAF13499}.Debug|Any CPU.ActiveCfg = Debug|Any CPU
		{6AD4956F-844C-41F7-A12E-82B9AAF13499}.Debug|Any CPU.Build.0 = Debug|Any CPU
		{6AD4956F-844C-41F7-A12E-82B9AAF13499}.Release|Any CPU.ActiveCfg = Release|Any CPU
		{6AD4956F-844C-41F7-A12E-82B9AAF13499}.Release|Any CPU.Build.0 = Release|Any CPU
		{A8F0A899-EC31-4700-8175-C3E141101ACC}.Debug|Any CPU.ActiveCfg = Debug|Any CPU
		{A8F0A899-EC31-4700-8175-C3E141101ACC}.Debug|Any CPU.Build.0 = Debug|Any CPU
		{A8F0A899-EC31-4700-8175-C3E141101ACC}.Release|Any CPU.ActiveCfg = Release|Any CPU
		{A8F0A899-EC31-4700-8175-C3E141101ACC}.Release|Any CPU.Build.0 = Release|Any CPU
		{E930625E-4654-4960-8A40-D3C4E2860A18}.Debug|Any CPU.ActiveCfg = Debug|Any CPU
		{E930625E-4654-4960-8A40-D3C4E2860A18}.Debug|Any CPU.Build.0 = Debug|Any CPU
		{E930625E-4654-4960-8A40-D3C4E2860A18}.Release|Any CPU.ActiveCfg = Release|Any CPU
		{E930625E-4654-4960-8A40-D3C4E2860A18}.Release|Any CPU.Build.0 = Release|Any CPU
		{E2149CFB-534A-414A-B428-2D2F5D32FB87}.Debug|Any CPU.ActiveCfg = Debug|Any CPU
		{E2149CFB-534A-414A-B428-2D2F5D32FB87}.Debug|Any CPU.Build.0 = Debug|Any CPU
		{E2149CFB-534A-414A-B428-2D2F5D32FB87}.Release|Any CPU.ActiveCfg = Release|Any CPU
		{E2149CFB-534A-414A-B428-2D2F5D32FB87}.Release|Any CPU.Build.0 = Release|Any CPU
	EndGlobalSection
	GlobalSection(SolutionProperties) = preSolution
		HideSolutionNode = FALSE
	EndGlobalSection
	GlobalSection(NestedProjects) = preSolution
		{E395EB94-6C8C-43C1-9024-B2E2EA813209} = {CD33ACFD-EE9A-4D8F-A3C2-5A27275F7561}
		{45B0AC75-67E2-4C81-BC75-775FDEA5EEBC} = {63D65F4B-5418-43AC-BDBA-4CCB0012F5D5}
		{8E3AC7A0-4B05-4EBD-B783-4EEA9A71E12F} = {63D65F4B-5418-43AC-BDBA-4CCB0012F5D5}
		{A7688029-6A22-44CF-9363-8E0EBAD8CF00} = {63D65F4B-5418-43AC-BDBA-4CCB0012F5D5}
		{C8AC7063-CC41-4E09-A555-20FB18294089} = {E8C05EE2-9BAC-4C8F-9C92-F0676E22ED79}
		{A0D5AF5D-1DCD-42AA-8DE2-EF824B9F263F} = {E8C05EE2-9BAC-4C8F-9C92-F0676E22ED79}
		{1E580BF7-AEEA-4EB5-8B51-9F905651C938} = {E8C05EE2-9BAC-4C8F-9C92-F0676E22ED79}
		{7B2A46E9-47A2-47DD-8E37-2E25DA22E7CE} = {B30384D2-691A-41A6-8FC6-20E6C7DF85BF}
		{C5EEE47C-182A-41C5-9F3D-A3B1196FC59B} = {B30384D2-691A-41A6-8FC6-20E6C7DF85BF}
		{AC3BF8DF-3E30-4DFA-9B4D-3406F04FB70B} = {B30384D2-691A-41A6-8FC6-20E6C7DF85BF}
		{9C87D133-E4F5-4BA2-B223-9FA00070AC81} = {B5BF8423-E514-4A1F-B9A6-2BB6072166E5}
		{48D02632-E1F0-45F3-8EC9-F7700003EFCF} = {B5BF8423-E514-4A1F-B9A6-2BB6072166E5}
		{6AD4956F-844C-41F7-A12E-82B9AAF13499} = {B5BF8423-E514-4A1F-B9A6-2BB6072166E5}
		{A8F0A899-EC31-4700-8175-C3E141101ACC} = {4A23403A-654A-4A6A-8C5A-1E5409EA40BF}
		{E930625E-4654-4960-8A40-D3C4E2860A18} = {4A23403A-654A-4A6A-8C5A-1E5409EA40BF}
		{E2149CFB-534A-414A-B428-2D2F5D32FB87} = {4A23403A-654A-4A6A-8C5A-1E5409EA40BF}
	EndGlobalSection
	GlobalSection(ExtensibilityGlobals) = postSolution
		SolutionGuid = {3E0B7EEC-FE39-441D-A619-485DF3A01DB7}
	EndGlobalSection
EndGlobal
